github.com/hnakamur/errstack v0.1.1 h1:dGnDJ8ZoLLd3+wINnLUjVerJXNbhhjAQElCTYl03mCQ=
github.com/hnakamur/errstack v0.1.1/go.mod h1:od3sg2FcV0HOZ1VGgL/cfn5yvj5hdHZsTF9KDvQQQpY=
github.com/hnakamur/errstack v0.1.2 h1:yEWOg4eOSTfQhGnhxr71N15V7I1UHKYVBKneNuhMetA=
github.com/hnakamur/errstack v0.1.2/go.mod h1:od3sg2FcV0HOZ1VGgL/cfn5yvj5hdHZsTF9KDvQQQpY=
